// !$*UTF8*$!
{
	archiveVersion = 1;
	classes = {
	};
	objectVersion = 55;
	objects = {

/* Begin PBXBuildFile section */
		E5CE7F712859E2BB00120611 /* PhotosCollectionViewController.swift in Sources */ = {isa = PBXBuildFile; fileRef = E5CE7F702859E2BB00120611 /* PhotosCollectionViewController.swift */; };
		E5CE7F742859E2DE00120611 /* RxCocoa in Frameworks */ = {isa = PBXBuildFile; productRef = E5CE7F732859E2DE00120611 /* RxCocoa */; };
		E5CE7F762859E2DE00120611 /* RxSwift in Frameworks */ = {isa = PBXBuildFile; productRef = E5CE7F752859E2DE00120611 /* RxSwift */; };
		E5CE7F782859ED8B00120611 /* PhotoCollectionViewCell.swift in Sources */ = {isa = PBXBuildFile; fileRef = E5CE7F772859ED8B00120611 /* PhotoCollectionViewCell.swift */; };
		E5FBC5602859DB7A001C4E1E /* AppDelegate.swift in Sources */ = {isa = PBXBuildFile; fileRef = E5FBC55F2859DB7A001C4E1E /* AppDelegate.swift */; };
		E5FBC5622859DB7A001C4E1E /* SceneDelegate.swift in Sources */ = {isa = PBXBuildFile; fileRef = E5FBC5612859DB7A001C4E1E /* SceneDelegate.swift */; };
		E5FBC5642859DB7A001C4E1E /* ViewController.swift in Sources */ = {isa = PBXBuildFile; fileRef = E5FBC5632859DB7A001C4E1E /* ViewController.swift */; };
		E5FBC5672859DB7A001C4E1E /* Main.storyboard in Resources */ = {isa = PBXBuildFile; fileRef = E5FBC5652859DB7A001C4E1E /* Main.storyboard */; };
		E5FBC5692859DB7B001C4E1E /* Assets.xcassets in Resources */ = {isa = PBXBuildFile; fileRef = E5FBC5682859DB7B001C4E1E /* Assets.xcassets */; };
		E5FBC56C2859DB7B001C4E1E /* LaunchScreen.storyboard in Resources */ = {isa = PBXBuildFile; fileRef = E5FBC56A2859DB7B001C4E1E /* LaunchScreen.storyboard */; };
/* End PBXBuildFile section */

/* Begin PBXFileReference section */
		E5CE7F702859E2BB00120611 /* PhotosCollectionViewController.swift */ = {isa = PBXFileReference; lastKnownFileType = sourcecode.swift; path = PhotosCollectionViewController.swift; sourceTree = "<group>"; };
		E5CE7F772859ED8B00120611 /* PhotoCollectionViewCell.swift */ = {isa = PBXFileReference; lastKnownFileType = sourcecode.swift; path = PhotoCollectionViewCell.swift; sourceTree = "<group>"; };
		E5FBC55C2859DB7A001C4E1E /* CameraFilter_Rx.app */ = {isa = PBXFileReference; explicitFileType = wrapper.application; includeInIndex = 0; path = CameraFilter_Rx.app; sourceTree = BUILT_PRODUCTS_DIR; };
		E5FBC55F2859DB7A001C4E1E /* AppDelegate.swift */ = {isa = PBXFileReference; lastKnownFileType = sourcecode.swift; path = AppDelegate.swift; sourceTree = "<group>"; };
		E5FBC5612859DB7A001C4E1E /* SceneDelegate.swift */ = {isa = PBXFileReference; lastKnownFileType = sourcecode.swift; path = SceneDelegate.swift; sourceTree = "<group>"; };
		E5FBC5632859DB7A001C4E1E /* ViewController.swift */ = {isa = PBXFileReference; lastKnownFileType = sourcecode.swift; path = ViewController.swift; sourceTree = "<group>"; };
		E5FBC5662859DB7A001C4E1E /* Base */ = {isa = PBXFileReference; lastKnownFileType = file.storyboard; name = Base; path = Base.lproj/Main.storyboard; sourceTree = "<group>"; };
		E5FBC5682859DB7B001C4E1E /* Assets.xcassets */ = {isa = PBXFileReference; lastKnownFileType = folder.assetcatalog; path = Assets.xcassets; sourceTree = "<group>"; };
		E5FBC56B2859DB7B001C4E1E /* Base */ = {isa = PBXFileReference; lastKnownFileType = file.storyboard; name = Base; path = Base.lproj/LaunchScreen.storyboard; sourceTree = "<group>"; };
		E5FBC56D2859DB7B001C4E1E /* Info.plist */ = {isa = PBXFileReference; lastKnownFileType = text.plist.xml; path = Info.plist; sourceTree = "<group>"; };
/* End PBXFileReference section */

/* Begin PBXFrameworksBuildPhase section */
		E5FBC5592859DB7A001C4E1E /* Frameworks */ = {
			isa = PBXFrameworksBuildPhase;
			buildActionMask = 2147483647;
			files = (
				E5CE7F762859E2DE00120611 /* RxSwift in Frameworks */,
				E5CE7F742859E2DE00120611 /* RxCocoa in Frameworks */,
			);
			runOnlyForDeploymentPostprocessing = 0;
		};
/* End PBXFrameworksBuildPhase section */

/* Begin PBXGroup section */
		E5FBC5532859DB7A001C4E1E = {
			isa = PBXGroup;
			children = (
				E5FBC55E2859DB7A001C4E1E /* CameraFilter_Rx */,
				E5FBC55D2859DB7A001C4E1E /* Products */,
			);
			sourceTree = "<group>";
		};
		E5FBC55D2859DB7A001C4E1E /* Products */ = {
			isa = PBXGroup;
			children = (
				E5FBC55C2859DB7A001C4E1E /* CameraFilter_Rx.app */,
			);
			name = Products;
			sourceTree = "<group>";
		};
		E5FBC55E2859DB7A001C4E1E /* CameraFilter_Rx */ = {
			isa = PBXGroup;
			children = (
				E5FBC55F2859DB7A001C4E1E /* AppDelegate.swift */,
				E5FBC5612859DB7A001C4E1E /* SceneDelegate.swift */,
				E5FBC5632859DB7A001C4E1E /* ViewController.swift */,
				E5CE7F702859E2BB00120611 /* PhotosCollectionViewController.swift */,
				E5CE7F772859ED8B00120611 /* PhotoCollectionViewCell.swift */,
				E5FBC5652859DB7A001C4E1E /* Main.storyboard */,
				E5FBC5682859DB7B001C4E1E /* Assets.xcassets */,
				E5FBC56A2859DB7B001C4E1E /* LaunchScreen.storyboard */,
				E5FBC56D2859DB7B001C4E1E /* Info.plist */,
			);
			path = CameraFilter_Rx;
			sourceTree = "<group>";
		};
/* End PBXGroup section */

/* Begin PBXNativeTarget section */
		E5FBC55B2859DB7A001C4E1E /* CameraFilter_Rx */ = {
			isa = PBXNativeTarget;
			buildConfigurationList = E5FBC5702859DB7B001C4E1E /* Build configuration list for PBXNativeTarget "CameraFilter_Rx" */;
			buildPhases = (
				E5FBC5582859DB7A001C4E1E /* Sources */,
				E5FBC5592859DB7A001C4E1E /* Frameworks */,
				E5FBC55A2859DB7A001C4E1E /* Resources */,
			);
			buildRules = (
			);
			dependencies = (
			);
			name = CameraFilter_Rx;
			packageProductDependencies = (
				E5CE7F732859E2DE00120611 /* RxCocoa */,
				E5CE7F752859E2DE00120611 /* RxSwift */,
			);
			productName = CameraFilter_Rx;
			productReference = E5FBC55C2859DB7A001C4E1E /* CameraFilter_Rx.app */;
			productType = "com.apple.product-type.application";
		};
/* End PBXNativeTarget section */

/* Begin PBXProject section */
		E5FBC5542859DB7A001C4E1E /* Project object */ = {
			isa = PBXProject;
			attributes = {
				BuildIndependentTargetsInParallel = 1;
				LastSwiftUpdateCheck = 1340;
				LastUpgradeCheck = 1340;
				TargetAttributes = {
					E5FBC55B2859DB7A001C4E1E = {
						CreatedOnToolsVersion = 13.4.1;
					};
				};
			};
			buildConfigurationList = E5FBC5572859DB7A001C4E1E /* Build configuration list for PBXProject "CameraFilter_Rx" */;
			compatibilityVersion = "Xcode 13.0";
			developmentRegion = en;
			hasScannedForEncodings = 0;
			knownRegions = (
				en,
				Base,
			);
			mainGroup = E5FBC5532859DB7A001C4E1E;
			packageReferences = (
				E5CE7F722859E2DE00120611 /* XCRemoteSwiftPackageReference "RxSwift" */,
			);
			productRefGroup = E5FBC55D2859DB7A001C4E1E /* Products */;
			projectDirPath = "";
			projectRoot = "";
			targets = (
				E5FBC55B2859DB7A001C4E1E /* CameraFilter_Rx */,
			);
		};
/* End PBXProject section */

/* Begin PBXResourcesBuildPhase section */
		E5FBC55A2859DB7A001C4E1E /* Resources */ = {
			isa = PBXResourcesBuildPhase;
			buildActionMask = 2147483647;
			files = (
				E5FBC56C2859DB7B001C4E1E /* LaunchScreen.storyboard in Resources */,
				E5FBC5692859DB7B001C4E1E /* Assets.xcassets in Resources */,
				E5FBC5672859DB7A001C4E1E /* Main.storyboard in Resources */,
			);
			runOnlyForDeploymentPostprocessing = 0;
		};
/* End PBXResourcesBuildPhase section */

/* Begin PBXSourcesBuildPhase section */
		E5FBC5582859DB7A001C4E1E /* Sources */ = {
			isa = PBXSourcesBuildPhase;
			buildActionMask = 2147483647;
			files = (
				E5FBC5642859DB7A001C4E1E /* ViewController.swift in Sources */,
				E5CE7F782859ED8B00120611 /* PhotoCollectionViewCell.swift in Sources */,
				E5FBC5602859DB7A001C4E1E /* AppDelegate.swift in Sources */,
				E5FBC5622859DB7A001C4E1E /* SceneDelegate.swift in Sources */,
				E5CE7F712859E2BB00120611 /* PhotosCollectionViewController.swift in Sources */,
			);
			runOnlyForDeploymentPostprocessing = 0;
		};
/* End PBXSourcesBuildPhase section */

/* Begin PBXVariantGroup section */
		E5FBC5652859DB7A001C4E1E /* Main.storyboard */ = {
			isa = PBXVariantGroup;
			children = (
				E5FBC5662859DB7A001C4E1E /* Base */,
			);
			name = Main.storyboard;
			sourceTree = "<group>";
		};
		E5FBC56A2859DB7B001C4E1E /* LaunchScreen.storyboard */ = {
			isa = PBXVariantGroup;
			children = (
				E5FBC56B2859DB7B001C4E1E /* Base */,
			);
			name = LaunchScreen.storyboard;
			sourceTree = "<group>";
		};
/* End PBXVariantGroup section */

/* Begin XCBuildConfiguration section */
		E5FBC56E2859DB7B001C4E1E /* Debug */ = {
			isa = XCBuildConfiguration;
			buildSettings = {
				ALWAYS_SEARCH_USER_PATHS = NO;
				CLANG_ANALYZER_NONNULL = YES;
				CLANG_ANALYZER_NUMBER_OBJECT_CONVERSION = YES_AGGRESSIVE;
				CLANG_CXX_LANGUAGE_STANDARD = "gnu++17";
				CLANG_ENABLE_MODULES = YES;
				CLANG_ENABLE_OBJC_ARC = YES;
				CLANG_ENABLE_OBJC_WEAK = YES;
				CLANG_WARN_BLOCK_CAPTURE_AUTORELEASING = YES;
				CLANG_WARN_BOOL_CONVERSION = YES;
				CLANG_WARN_COMMA = YES;
				CLANG_WARN_CONSTANT_CONVERSION = YES;
				CLANG_WARN_DEPRECATED_OBJC_IMPLEMENTATIONS = YES;
				CLANG_WARN_DIRECT_OBJC_ISA_USAGE = YES_ERROR;
				CLANG_WARN_DOCUMENTATION_COMMENTS = YES;
				CLANG_WARN_EMPTY_BODY = YES;
				CLANG_WARN_ENUM_CONVERSION = YES;
				CLANG_WARN_INFINITE_RECURSION = YES;
				CLANG_WARN_INT_CONVERSION = YES;
				CLANG_WARN_NON_LITERAL_NULL_CONVERSION = YES;
				CLANG_WARN_OBJC_IMPLICIT_RETAIN_SELF = YES;
				CLANG_WARN_OBJC_LITERAL_CONVERSION = YES;
				CLANG_WARN_OBJC_ROOT_CLASS = YES_ERROR;
				CLANG_WARN_QUOTED_INCLUDE_IN_FRAMEWORK_HEADER = YES;
				CLANG_WARN_RANGE_LOOP_ANALYSIS = YES;
				CLANG_WARN_STRICT_PROTOTYPES = YES;
				CLANG_WARN_SUSPICIOUS_MOVE = YES;
				CLANG_WARN_UNGUARDED_AVAILABILITY = YES_AGGRESSIVE;
				CLANG_WARN_UNREACHABLE_CODE = YES;
				CLANG_WARN__DUPLICATE_METHOD_MATCH = YES;
				COPY_PHASE_STRIP = NO;
				DEBUG_INFORMATION_FORMAT = dwarf;
				ENABLE_STRICT_OBJC_MSGSEND = YES;
				ENABLE_TESTABILITY = YES;
				GCC_C_LANGUAGE_STANDARD = gnu11;
				GCC_DYNAMIC_NO_PIC = NO;
				GCC_NO_COMMON_BLOCKS = YES;
				GCC_OPTIMIZATION_LEVEL = 0;
				GCC_PREPROCESSOR_DEFINITIONS = (
					"DEBUG=1",
					"$(inherited)",
				);
				GCC_WARN_64_TO_32_BIT_CONVERSION = YES;
				GCC_WARN_ABOUT_RETURN_TYPE = YES_ERROR;
				GCC_WARN_UNDECLARED_SELECTOR = YES;
				GCC_WARN_UNINITIALIZED_AUTOS = YES_AGGRESSIVE;
				GCC_WARN_UNUSED_FUNCTION = YES;
				GCC_WARN_UNUSED_VARIABLE = YES;
				IPHONEOS_DEPLOYMENT_TARGET = 15.5;
				MTL_ENABLE_DEBUG_INFO = INCLUDE_SOURCE;
				MTL_FAST_MATH = YES;
				ONLY_ACTIVE_ARCH = YES;
				SDKROOT = iphoneos;
				SWIFT_ACTIVE_COMPILATION_CONDITIONS = DEBUG;
				SWIFT_OPTIMIZATION_LEVEL = "-Onone";
			};
			name = Debug;
		};
		E5FBC56F2859DB7B001C4E1E /* Release */ = {
			isa = XCBuildConfiguration;
			buildSettings = {
				ALWAYS_SEARCH_USER_PATHS = NO;
				CLANG_ANALYZER_NONNULL = YES;
				CLANG_ANALYZER_NUMBER_OBJECT_CONVERSION = YES_AGGRESSIVE;
				CLANG_CXX_LANGUAGE_STANDARD = "gnu++17";
				CLANG_ENABLE_MODULES = YES;
				CLANG_ENABLE_OBJC_ARC = YES;
				CLANG_ENABLE_OBJC_WEAK = YES;
				CLANG_WARN_BLOCK_CAPTURE_AUTORELEASING = YES;
				CLANG_WARN_BOOL_CONVERSION = YES;
				CLANG_WARN_COMMA = YES;
				CLANG_WARN_CONSTANT_CONVERSION = YES;
				CLANG_WARN_DEPRECATED_OBJC_IMPLEMENTATIONS = YES;
				CLANG_WARN_DIRECT_OBJC_ISA_USAGE = YES_ERROR;
				CLANG_WARN_DOCUMENTATION_COMMENTS = YES;
				CLANG_WARN_EMPTY_BODY = YES;
				CLANG_WARN_ENUM_CONVERSION = YES;
				CLANG_WARN_INFINITE_RECURSION = YES;
				CLANG_WARN_INT_CONVERSION = YES;
				CLANG_WARN_NON_LITERAL_NULL_CONVERSION = YES;
				CLANG_WARN_OBJC_IMPLICIT_RETAIN_SELF = YES;
				CLANG_WARN_OBJC_LITERAL_CONVERSION = YES;
				CLANG_WARN_OBJC_ROOT_CLASS = YES_ERROR;
				CLANG_WARN_QUOTED_INCLUDE_IN_FRAMEWORK_HEADER = YES;
				CLANG_WARN_RANGE_LOOP_ANALYSIS = YES;
				CLANG_WARN_STRICT_PROTOTYPES = YES;
				CLANG_WARN_SUSPICIOUS_MOVE = YES;
				CLANG_WARN_UNGUARDED_AVAILABILITY = YES_AGGRESSIVE;
				CLANG_WARN_UNREACHABLE_CODE = YES;
				CLANG_WARN__DUPLICATE_METHOD_MATCH = YES;
				COPY_PHASE_STRIP = NO;
				DEBUG_INFORMATION_FORMAT = "dwarf-with-dsym";
				ENABLE_NS_ASSERTIONS = NO;
				ENABLE_STRICT_OBJC_MSGSEND = YES;
				GCC_C_LANGUAGE_STANDARD = gnu11;
				GCC_NO_COMMON_BLOCKS = YES;
				GCC_WARN_64_TO_32_BIT_CONVERSION = YES;
				GCC_WARN_ABOUT_RETURN_TYPE = YES_ERROR;
				GCC_WARN_UNDECLARED_SELECTOR = YES;
				GCC_WARN_UNINITIALIZED_AUTOS = YES_AGGRESSIVE;
				GCC_WARN_UNUSED_FUNCTION = YES;
				GCC_WARN_UNUSED_VARIABLE = YES;
				IPHONEOS_DEPLOYMENT_TARGET = 15.5;
				MTL_ENABLE_DEBUG_INFO = NO;
				MTL_FAST_MATH = YES;
				SDKROOT = iphoneos;
				SWIFT_COMPILATION_MODE = wholemodule;
				SWIFT_OPTIMIZATION_LEVEL = "-O";
				VALIDATE_PRODUCT = YES;
			};
			name = Release;
		};
		E5FBC5712859DB7B001C4E1E /* Debug */ = {
			isa = XCBuildConfiguration;
			buildSettings = {
				ASSETCATALOG_COMPILER_APPICON_NAME = AppIcon;
				ASSETCATALOG_COMPILER_GLOBAL_ACCENT_COLOR_NAME = AccentColor;
				CODE_SIGN_STYLE = Automatic;
				CURRENT_PROJECT_VERSION = 1;
				DEVELOPMENT_TEAM = 95JTZ6AP78;
				GENERATE_INFOPLIST_FILE = YES;
				INFOPLIST_FILE = CameraFilter_Rx/Info.plist;
				INFOPLIST_KEY_UIApplicationSupportsIndirectInputEvents = YES;
				INFOPLIST_KEY_UILaunchStoryboardName = LaunchScreen;
				INFOPLIST_KEY_UIMainStoryboardFile = Main;
				INFOPLIST_KEY_UISupportedInterfaceOrientations_iPad = "UIInterfaceOrientationPortrait UIInterfaceOrientationPortraitUpsideDown UIInterfaceOrientationLandscapeLeft UIInterfaceOrientationLandscapeRight";
				INFOPLIST_KEY_UISupportedInterfaceOrientations_iPhone = "UIInterfaceOrientationPortrait UIInterfaceOrientationLandscapeLeft UIInterfaceOrientationLandscapeRight";
				LD_RUNPATH_SEARCH_PATHS = (
					"$(inherited)",
					"@executable_path/Frameworks",
				);
				MARKETING_VERSION = 1.0;
				PRODUCT_BUNDLE_IDENTIFIER = "eungcheol.CameraFilter-Rx";
				PRODUCT_NAME = "$(TARGET_NAME)";
				SWIFT_EMIT_LOC_STRINGS = YES;
				SWIFT_VERSION = 5.0;
				TARGETED_DEVICE_FAMILY = "1,2";
			};
			name = Debug;
		};
		E5FBC5722859DB7B001C4E1E /* Release */ = {
			isa = XCBuildConfiguration;
			buildSettings = {
				ASSETCATALOG_COMPILER_APPICON_NAME = AppIcon;
				ASSETCATALOG_COMPILER_GLOBAL_ACCENT_COLOR_NAME = AccentColor;
				CODE_SIGN_STYLE = Automatic;
				CURRENT_PROJECT_VERSION = 1;
				DEVELOPMENT_TEAM = 95JTZ6AP78;
				GENERATE_INFOPLIST_FILE = YES;
				INFOPLIST_FILE = CameraFilter_Rx/Info.plist;
				INFOPLIST_KEY_UIApplicationSupportsIndirectInputEvents = YES;
				INFOPLIST_KEY_UILaunchStoryboardName = LaunchScreen;
				INFOPLIST_KEY_UIMainStoryboardFile = Main;
				INFOPLIST_KEY_UISupportedInterfaceOrientations_iPad = "UIInterfaceOrientationPortrait UIInterfaceOrientationPortraitUpsideDown UIInterfaceOrientationLandscapeLeft UIInterfaceOrientationLandscapeRight";
				INFOPLIST_KEY_UISupportedInterfaceOrientations_iPhone = "UIInterfaceOrientationPortrait UIInterfaceOrientationLandscapeLeft UIInterfaceOrientationLandscapeRight";
				LD_RUNPATH_SEARCH_PATHS = (
					"$(inherited)",
					"@executable_path/Frameworks",
				);
				MARKETING_VERSION = 1.0;
				PRODUCT_BUNDLE_IDENTIFIER = "eungcheol.CameraFilter-Rx";
				PRODUCT_NAME = "$(TARGET_NAME)";
				SWIFT_EMIT_LOC_STRINGS = YES;
				SWIFT_VERSION = 5.0;
				TARGETED_DEVICE_FAMILY = "1,2";
			};
			name = Release;
		};
/* End XCBuildConfiguration section */

/* Begin XCConfigurationList section */
		E5FBC5572859DB7A001C4E1E /* Build configuration list for PBXProject "CameraFilter_Rx" */ = {
			isa = XCConfigurationList;
			buildConfigurations = (
				E5FBC56E2859DB7B001C4E1E /* Debug */,
				E5FBC56F2859DB7B001C4E1E /* Release */,
			);
			defaultConfigurationIsVisible = 0;
			defaultConfigurationName = Release;
		};
		E5FBC5702859DB7B001C4E1E /* Build configuration list for PBXNativeTarget "CameraFilter_Rx" */ = {
			isa = XCConfigurationList;
			buildConfigurations = (
				E5FBC5712859DB7B001C4E1E /* Debug */,
				E5FBC5722859DB7B001C4E1E /* Release */,
			);
			defaultConfigurationIsVisible = 0;
			defaultConfigurationName = Release;
		};
/* End XCConfigurationList section */

/* Begin XCRemoteSwiftPackageReference section */
		E5CE7F722859E2DE00120611 /* XCRemoteSwiftPackageReference "RxSwift" */ = {
			isa = XCRemoteSwiftPackageReference;
			repositoryURL = "https://github.com/ReactiveX/RxSwift.git";
			requirement = {
				kind = upToNextMajorVersion;
				minimumVersion = 6.0.0;
			};
		};
/* End XCRemoteSwiftPackageReference section */

/* Begin XCSwiftPackageProductDependency section */
		E5CE7F732859E2DE00120611 /* RxCocoa */ = {
			isa = XCSwiftPackageProductDependency;
			package = E5CE7F722859E2DE00120611 /* XCRemoteSwiftPackageReference "RxSwift" */;
			productName = RxCocoa;
		};
		E5CE7F752859E2DE00120611 /* RxSwift */ = {
			isa = XCSwiftPackageProductDependency;
			package = E5CE7F722859E2DE00120611 /* XCRemoteSwiftPackageReference "RxSwift" */;
			productName = RxSwift;
		};
/* End XCSwiftPackageProductDependency section */
	};
	rootObject = E5FBC5542859DB7A001C4E1E /* Project object */;
}
